
Microsoft Visual Studio Solution File, Format Version 12.00
# Visual Studio Version 16
VisualStudioVersion = 16.0.30011.22
MinimumVisualStudioVersion = 10.0.40219.1
Project("{FAE04EC0-301F-11D3-BF4B-00C04F79EFBC}") = "Coursework", "Coursework\Coursework.csproj", "{A1B1C0A4-DA03-4827-A5C1-14341DE2FDE1}"
EndProject
Project("{FAE04EC0-301F-11D3-BF4B-00C04F79EFBC}") = "Classes", "Classes\Classes.csproj", "{9B463C55-C808-41BE-A6D4-89CC767E9F5B}"
EndProject
Project("{FAE04EC0-301F-11D3-BF4B-00C04F79EFBC}") = "UnitTestCoursework", "UnitTestCoursework\UnitTestCoursework.csproj", "{CA849FF1-8F48-43D2-8730-85FA8DEF4A91}"
EndProject
Global
	GlobalSection(SolutionConfigurationPlatforms) = preSolution
		Debug|Any CPU = Debug|Any CPU
		Release|Any CPU = Release|Any CPU
	EndGlobalSection
	GlobalSection(ProjectConfigurationPlatforms) = postSolution
		{A1B1C0A4-DA03-4827-A5C1-14341DE2FDE1}.Debug|Any CPU.ActiveCfg = Debug|Any CPU
		{A1B1C0A4-DA03-4827-A5C1-14341DE2FDE1}.Debug|Any CPU.Build.0 = Debug|Any CPU
		{A1B1C0A4-DA03-4827-A5C1-14341DE2FDE1}.Release|Any CPU.ActiveCfg = Release|Any CPU
		{A1B1C0A4-DA03-4827-A5C1-14341DE2FDE1}.Release|Any CPU.Build.0 = Release|Any CPU
		{9B463C55-C808-41BE-A6D4-89CC767E9F5B}.Debug|Any CPU.ActiveCfg = Debug|Any CPU
		{9B463C55-C808-41BE-A6D4-89CC767E9F5B}.Debug|Any CPU.Build.0 = Debug|Any CPU
		{9B463C55-C808-41BE-A6D4-89CC767E9F5B}.Release|Any CPU.ActiveCfg = Release|Any CPU
		{9B463C55-C808-41BE-A6D4-89CC767E9F5B}.Release|Any CPU.Build.0 = Release|Any CPU
		{CA849FF1-8F48-43D2-8730-85FA8DEF4A91}.Debug|Any CPU.ActiveCfg = Debug|Any CPU
		{CA849FF1-8F48-43D2-8730-85FA8DEF4A91}.Debug|Any CPU.Build.0 = Debug|Any CPU
		{CA849FF1-8F48-43D2-8730-85FA8DEF4A91}.Release|Any CPU.ActiveCfg = Release|Any CPU
		{CA849FF1-8F48-43D2-8730-85FA8DEF4A91}.Release|Any CPU.Build.0 = Release|Any CPU
	EndGlobalSection
	GlobalSection(SolutionProperties) = preSolution
		HideSolutionNode = FALSE
	EndGlobalSection
	GlobalSection(ExtensibilityGlobals) = postSolution
		SolutionGuid = {29B7D718-FE4B-466C-AAD3-5260B9C709F1}
	EndGlobalSection
EndGlobal
